// !$*UTF8*$!
{
	archiveVersion = 1;
	classes = {
	};
	objectVersion = 46;
	objects = {

/* Begin PBXBuildFile section */
		6259EAD61EA80B5A00735B45 /* AddEmployeeViewController.m in Sources */ = {isa = PBXBuildFile; fileRef = 6259EAD51EA80B5A00735B45 /* AddEmployeeViewController.m */; };
		62B00AF61EA524F6004EF9C4 /* main.m in Sources */ = {isa = PBXBuildFile; fileRef = 62B00AF51EA524F6004EF9C4 /* main.m */; };
		62B00AF91EA524F6004EF9C4 /* AppDelegate.m in Sources */ = {isa = PBXBuildFile; fileRef = 62B00AF81EA524F6004EF9C4 /* AppDelegate.m */; };
		62B00AFC1EA524F6004EF9C4 /* ViewController.m in Sources */ = {isa = PBXBuildFile; fileRef = 62B00AFB1EA524F6004EF9C4 /* ViewController.m */; };
		62B00AFF1EA524F6004EF9C4 /* Main.storyboard in Resources */ = {isa = PBXBuildFile; fileRef = 62B00AFD1EA524F6004EF9C4 /* Main.storyboard */; };
		62B00B011EA524F6004EF9C4 /* Assets.xcassets in Resources */ = {isa = PBXBuildFile; fileRef = 62B00B001EA524F6004EF9C4 /* Assets.xcassets */; };
		62B00B041EA524F6004EF9C4 /* LaunchScreen.storyboard in Resources */ = {isa = PBXBuildFile; fileRef = 62B00B021EA524F6004EF9C4 /* LaunchScreen.storyboard */; };
		62B00B0D1EA52F06004EF9C4 /* Person.m in Sources */ = {isa = PBXBuildFile; fileRef = 62B00B0C1EA52F06004EF9C4 /* Person.m */; };
		62B00B1A1EA564BD004EF9C4 /* NSString+StringOps.m in Sources */ = {isa = PBXBuildFile; fileRef = 62B00B191EA564BD004EF9C4 /* NSString+StringOps.m */; };
		62B00B1D1EA59DFF004EF9C4 /* Employee.m in Sources */ = {isa = PBXBuildFile; fileRef = 62B00B1C1EA59DFF004EF9C4 /* Employee.m */; };
		62B00B211EA68764004EF9C4 /* EmployeeDatabase.m in Sources */ = {isa = PBXBuildFile; fileRef = 62B00B201EA68764004EF9C4 /* EmployeeDatabase.m */; };
/* End PBXBuildFile section */

/* Begin PBXFileReference section */
		6259EAD41EA80B5A00735B45 /* AddEmployeeViewController.h */ = {isa = PBXFileReference; fileEncoding = 4; lastKnownFileType = sourcecode.c.h; path = AddEmployeeViewController.h; sourceTree = "<group>"; };
		6259EAD51EA80B5A00735B45 /* AddEmployeeViewController.m */ = {isa = PBXFileReference; fileEncoding = 4; lastKnownFileType = sourcecode.c.objc; path = AddEmployeeViewController.m; sourceTree = "<group>"; };
		62B00AF11EA524F6004EF9C4 /* intro_to_objective-C.app */ = {isa = PBXFileReference; explicitFileType = wrapper.application; includeInIndex = 0; path = "intro_to_objective-C.app"; sourceTree = BUILT_PRODUCTS_DIR; };
		62B00AF51EA524F6004EF9C4 /* main.m */ = {isa = PBXFileReference; lastKnownFileType = sourcecode.c.objc; path = main.m; sourceTree = "<group>"; };
		62B00AF71EA524F6004EF9C4 /* AppDelegate.h */ = {isa = PBXFileReference; lastKnownFileType = sourcecode.c.h; path = AppDelegate.h; sourceTree = "<group>"; };
		62B00AF81EA524F6004EF9C4 /* AppDelegate.m */ = {isa = PBXFileReference; lastKnownFileType = sourcecode.c.objc; path = AppDelegate.m; sourceTree = "<group>"; };
		62B00AFA1EA524F6004EF9C4 /* ViewController.h */ = {isa = PBXFileReference; lastKnownFileType = sourcecode.c.h; path = ViewController.h; sourceTree = "<group>"; };
		62B00AFB1EA524F6004EF9C4 /* ViewController.m */ = {isa = PBXFileReference; lastKnownFileType = sourcecode.c.objc; path = ViewController.m; sourceTree = "<group>"; };
		62B00AFE1EA524F6004EF9C4 /* Base */ = {isa = PBXFileReference; lastKnownFileType = file.storyboard; name = Base; path = Base.lproj/Main.storyboard; sourceTree = "<group>"; };
		62B00B001EA524F6004EF9C4 /* Assets.xcassets */ = {isa = PBXFileReference; lastKnownFileType = folder.assetcatalog; path = Assets.xcassets; sourceTree = "<group>"; };
		62B00B031EA524F6004EF9C4 /* Base */ = {isa = PBXFileReference; lastKnownFileType = file.storyboard; name = Base; path = Base.lproj/LaunchScreen.storyboard; sourceTree = "<group>"; };
		62B00B051EA524F6004EF9C4 /* Info.plist */ = {isa = PBXFileReference; lastKnownFileType = text.plist.xml; path = Info.plist; sourceTree = "<group>"; };
		62B00B0B1EA52F06004EF9C4 /* Person.h */ = {isa = PBXFileReference; fileEncoding = 4; lastKnownFileType = sourcecode.c.h; path = Person.h; sourceTree = "<group>"; };
		62B00B0C1EA52F06004EF9C4 /* Person.m */ = {isa = PBXFileReference; fileEncoding = 4; lastKnownFileType = sourcecode.c.objc; path = Person.m; sourceTree = "<group>"; };
		62B00B181EA564BD004EF9C4 /* NSString+StringOps.h */ = {isa = PBXFileReference; fileEncoding = 4; lastKnownFileType = sourcecode.c.h; path = "NSString+StringOps.h"; sourceTree = "<group>"; };
		62B00B191EA564BD004EF9C4 /* NSString+StringOps.m */ = {isa = PBXFileReference; fileEncoding = 4; lastKnownFileType = sourcecode.c.objc; path = "NSString+StringOps.m"; sourceTree = "<group>"; };
		62B00B1B1EA59DFF004EF9C4 /* Employee.h */ = {isa = PBXFileReference; fileEncoding = 4; lastKnownFileType = sourcecode.c.h; path = Employee.h; sourceTree = "<group>"; };
		62B00B1C1EA59DFF004EF9C4 /* Employee.m */ = {isa = PBXFileReference; fileEncoding = 4; lastKnownFileType = sourcecode.c.objc; path = Employee.m; sourceTree = "<group>"; };
		62B00B1E1EA5A7EF004EF9C4 /* PersonQueue.h */ = {isa = PBXFileReference; fileEncoding = 4; lastKnownFileType = sourcecode.c.h; path = PersonQueue.h; sourceTree = "<group>"; };
		62B00B1F1EA68764004EF9C4 /* EmployeeDatabase.h */ = {isa = PBXFileReference; fileEncoding = 4; lastKnownFileType = sourcecode.c.h; path = EmployeeDatabase.h; sourceTree = "<group>"; };
		62B00B201EA68764004EF9C4 /* EmployeeDatabase.m */ = {isa = PBXFileReference; fileEncoding = 4; lastKnownFileType = sourcecode.c.objc; path = EmployeeDatabase.m; sourceTree = "<group>"; };
/* End PBXFileReference section */

/* Begin PBXFrameworksBuildPhase section */
		62B00AEE1EA524F6004EF9C4 /* Frameworks */ = {
			isa = PBXFrameworksBuildPhase;
			buildActionMask = 2147483647;
			files = (
			);
			runOnlyForDeploymentPostprocessing = 0;
		};
/* End PBXFrameworksBuildPhase section */

/* Begin PBXGroup section */
		62B00AE81EA524F6004EF9C4 = {
			isa = PBXGroup;
			children = (
				62B00AF31EA524F6004EF9C4 /* intro_to_objective-C */,
				62B00AF21EA524F6004EF9C4 /* Products */,
			);
			sourceTree = "<group>";
		};
		62B00AF21EA524F6004EF9C4 /* Products */ = {
			isa = PBXGroup;
			children = (
				62B00AF11EA524F6004EF9C4 /* intro_to_objective-C.app */,
			);
			name = Products;
			sourceTree = "<group>";
		};
		62B00AF31EA524F6004EF9C4 /* intro_to_objective-C */ = {
			isa = PBXGroup;
			children = (
				62B00B0E1EA52F14004EF9C4 /* Models */,
				62B00B0F1EA52F38004EF9C4 /* Controllers */,
				62B00B101EA52F3F004EF9C4 /* Views */,
				62B00AF41EA524F6004EF9C4 /* Supporting Files */,
			);
			path = "intro_to_objective-C";
			sourceTree = "<group>";
		};
		62B00AF41EA524F6004EF9C4 /* Supporting Files */ = {
			isa = PBXGroup;
			children = (
				62B00AF71EA524F6004EF9C4 /* AppDelegate.h */,
				62B00AF81EA524F6004EF9C4 /* AppDelegate.m */,
				62B00B001EA524F6004EF9C4 /* Assets.xcassets */,
				62B00B051EA524F6004EF9C4 /* Info.plist */,
				62B00AF51EA524F6004EF9C4 /* main.m */,
			);
			name = "Supporting Files";
			sourceTree = "<group>";
		};
		62B00B0E1EA52F14004EF9C4 /* Models */ = {
			isa = PBXGroup;
			children = (
				62B00B181EA564BD004EF9C4 /* NSString+StringOps.h */,
				62B00B191EA564BD004EF9C4 /* NSString+StringOps.m */,
				62B00B1F1EA68764004EF9C4 /* EmployeeDatabase.h */,
				62B00B201EA68764004EF9C4 /* EmployeeDatabase.m */,
				62B00B0B1EA52F06004EF9C4 /* Person.h */,
				62B00B0C1EA52F06004EF9C4 /* Person.m */,
				62B00B1B1EA59DFF004EF9C4 /* Employee.h */,
				62B00B1C1EA59DFF004EF9C4 /* Employee.m */,
				62B00B1E1EA5A7EF004EF9C4 /* PersonQueue.h */,
			);
			name = Models;
			sourceTree = "<group>";
		};
		62B00B0F1EA52F38004EF9C4 /* Controllers */ = {
			isa = PBXGroup;
			children = (
				6259EAD41EA80B5A00735B45 /* AddEmployeeViewController.h */,
				6259EAD51EA80B5A00735B45 /* AddEmployeeViewController.m */,
				62B00AFA1EA524F6004EF9C4 /* ViewController.h */,
				62B00AFB1EA524F6004EF9C4 /* ViewController.m */,
			);
			name = Controllers;
			sourceTree = "<group>";
		};
		62B00B101EA52F3F004EF9C4 /* Views */ = {
			isa = PBXGroup;
			children = (
				62B00AFD1EA524F6004EF9C4 /* Main.storyboard */,
				62B00B021EA524F6004EF9C4 /* LaunchScreen.storyboard */,
			);
			name = Views;
			sourceTree = "<group>";
		};
/* End PBXGroup section */

/* Begin PBXNativeTarget section */
		62B00AF01EA524F6004EF9C4 /* intro_to_objective-C */ = {
			isa = PBXNativeTarget;
			buildConfigurationList = 62B00B081EA524F6004EF9C4 /* Build configuration list for PBXNativeTarget "intro_to_objective-C" */;
			buildPhases = (
				62B00AED1EA524F6004EF9C4 /* Sources */,
				62B00AEE1EA524F6004EF9C4 /* Frameworks */,
				62B00AEF1EA524F6004EF9C4 /* Resources */,
			);
			buildRules = (
			);
			dependencies = (
			);
			name = "intro_to_objective-C";
			productName = "intro_to_objective-C";
			productReference = 62B00AF11EA524F6004EF9C4 /* intro_to_objective-C.app */;
			productType = "com.apple.product-type.application";
		};
/* End PBXNativeTarget section */

/* Begin PBXProject section */
		62B00AE91EA524F6004EF9C4 /* Project object */ = {
			isa = PBXProject;
			attributes = {
				LastUpgradeCheck = 0830;
				ORGANIZATIONNAME = "Robert Hatfield";
				TargetAttributes = {
					62B00AF01EA524F6004EF9C4 = {
						CreatedOnToolsVersion = 8.3.1;
						DevelopmentTeam = 4C7AR59H6U;
						ProvisioningStyle = Automatic;
					};
				};
			};
			buildConfigurationList = 62B00AEC1EA524F6004EF9C4 /* Build configuration list for PBXProject "intro_to_objective-C" */;
			compatibilityVersion = "Xcode 3.2";
			developmentRegion = English;
			hasScannedForEncodings = 0;
			knownRegions = (
				en,
				Base,
			);
			mainGroup = 62B00AE81EA524F6004EF9C4;
			productRefGroup = 62B00AF21EA524F6004EF9C4 /* Products */;
			projectDirPath = "";
			projectRoot = "";
			targets = (
				62B00AF01EA524F6004EF9C4 /* intro_to_objective-C */,
			);
		};
/* End PBXProject section */

/* Begin PBXResourcesBuildPhase section */
		62B00AEF1EA524F6004EF9C4 /* Resources */ = {
			isa = PBXResourcesBuildPhase;
			buildActionMask = 2147483647;
			files = (
				62B00B041EA524F6004EF9C4 /* LaunchScreen.storyboard in Resources */,
				62B00B011EA524F6004EF9C4 /* Assets.xcassets in Resources */,
				62B00AFF1EA524F6004EF9C4 /* Main.storyboard in Resources */,
			);
			runOnlyForDeploymentPostprocessing = 0;
		};
/* End PBXResourcesBuildPhase section */

/* Begin PBXSourcesBuildPhase section */
		62B00AED1EA524F6004EF9C4 /* Sources */ = {
			isa = PBXSourcesBuildPhase;
			buildActionMask = 2147483647;
			files = (
				62B00B1A1EA564BD004EF9C4 /* NSString+StringOps.m in Sources */,
				62B00AFC1EA524F6004EF9C4 /* ViewController.m in Sources */,
				62B00AF91EA524F6004EF9C4 /* AppDelegate.m in Sources */,
				62B00B1D1EA59DFF004EF9C4 /* Employee.m in Sources */,
				62B00B0D1EA52F06004EF9C4 /* Person.m in Sources */,
				62B00AF61EA524F6004EF9C4 /* main.m in Sources */,
				6259EAD61EA80B5A00735B45 /* AddEmployeeViewController.m in Sources */,
				62B00B211EA68764004EF9C4 /* EmployeeDatabase.m in Sources */,
			);
			runOnlyForDeploymentPostprocessing = 0;
		};
/* End PBXSourcesBuildPhase section */

/* Begin PBXVariantGroup section */
		62B00AFD1EA524F6004EF9C4 /* Main.storyboard */ = {
			isa = PBXVariantGroup;
			children = (
				62B00AFE1EA524F6004EF9C4 /* Base */,
			);
			name = Main.storyboard;
			sourceTree = "<group>";
		};
		62B00B021EA524F6004EF9C4 /* LaunchScreen.storyboard */ = {
			isa = PBXVariantGroup;
			children = (
				62B00B031EA524F6004EF9C4 /* Base */,
			);
			name = LaunchScreen.storyboard;
			sourceTree = "<group>";
		};
/* End PBXVariantGroup section */

/* Begin XCBuildConfiguration section */
		62B00B061EA524F6004EF9C4 /* Debug */ = {
			isa = XCBuildConfiguration;
			buildSettings = {
				ALWAYS_SEARCH_USER_PATHS = NO;
				CLANG_ANALYZER_NONNULL = YES;
				CLANG_ANALYZER_NUMBER_OBJECT_CONVERSION = YES_AGGRESSIVE;
				CLANG_CXX_LANGUAGE_STANDARD = "gnu++0x";
				CLANG_CXX_LIBRARY = "libc++";
				CLANG_ENABLE_MODULES = YES;
				CLANG_ENABLE_OBJC_ARC = YES;
				CLANG_WARN_BOOL_CONVERSION = YES;
				CLANG_WARN_CONSTANT_CONVERSION = YES;
				CLANG_WARN_DIRECT_OBJC_ISA_USAGE = YES_ERROR;
				CLANG_WARN_DOCUMENTATION_COMMENTS = YES;
				CLANG_WARN_EMPTY_BODY = YES;
				CLANG_WARN_ENUM_CONVERSION = YES;
				CLANG_WARN_INFINITE_RECURSION = YES;
				CLANG_WARN_INT_CONVERSION = YES;
				CLANG_WARN_OBJC_ROOT_CLASS = YES_ERROR;
				CLANG_WARN_SUSPICIOUS_MOVE = YES;
				CLANG_WARN_UNREACHABLE_CODE = YES;
				CLANG_WARN__DUPLICATE_METHOD_MATCH = YES;
				"CODE_SIGN_IDENTITY[sdk=iphoneos*]" = "iPhone Developer";
				COPY_PHASE_STRIP = NO;
				DEBUG_INFORMATION_FORMAT = dwarf;
				ENABLE_STRICT_OBJC_MSGSEND = YES;
				ENABLE_TESTABILITY = YES;
				GCC_C_LANGUAGE_STANDARD = gnu99;
				GCC_DYNAMIC_NO_PIC = NO;
				GCC_NO_COMMON_BLOCKS = YES;
				GCC_OPTIMIZATION_LEVEL = 0;
				GCC_PREPROCESSOR_DEFINITIONS = (
					"DEBUG=1",
					"$(inherited)",
				);
				GCC_WARN_64_TO_32_BIT_CONVERSION = YES;
				GCC_WARN_ABOUT_RETURN_TYPE = YES_ERROR;
				GCC_WARN_UNDECLARED_SELECTOR = YES;
				GCC_WARN_UNINITIALIZED_AUTOS = YES_AGGRESSIVE;
				GCC_WARN_UNUSED_FUNCTION = YES;
				GCC_WARN_UNUSED_VARIABLE = YES;
				IPHONEOS_DEPLOYMENT_TARGET = 10.3;
				MTL_ENABLE_DEBUG_INFO = YES;
				ONLY_ACTIVE_ARCH = YES;
				SDKROOT = iphoneos;
				TARGETED_DEVICE_FAMILY = "1,2";
			};
			name = Debug;
		};
		62B00B071EA524F6004EF9C4 /* Release */ = {
			isa = XCBuildConfiguration;
			buildSettings = {
				ALWAYS_SEARCH_USER_PATHS = NO;
				CLANG_ANALYZER_NONNULL = YES;
				CLANG_ANALYZER_NUMBER_OBJECT_CONVERSION = YES_AGGRESSIVE;
				CLANG_CXX_LANGUAGE_STANDARD = "gnu++0x";
				CLANG_CXX_LIBRARY = "libc++";
				CLANG_ENABLE_MODULES = YES;
				CLANG_ENABLE_OBJC_ARC = YES;
				CLANG_WARN_BOOL_CONVERSION = YES;
				CLANG_WARN_CONSTANT_CONVERSION = YES;
				CLANG_WARN_DIRECT_OBJC_ISA_USAGE = YES_ERROR;
				CLANG_WARN_DOCUMENTATION_COMMENTS = YES;
				CLANG_WARN_EMPTY_BODY = YES;
				CLANG_WARN_ENUM_CONVERSION = YES;
				CLANG_WARN_INFINITE_RECURSION = YES;
				CLANG_WARN_INT_CONVERSION = YES;
				CLANG_WARN_OBJC_ROOT_CLASS = YES_ERROR;
				CLANG_WARN_SUSPICIOUS_MOVE = YES;
				CLANG_WARN_UNREACHABLE_CODE = YES;
				CLANG_WARN__DUPLICATE_METHOD_MATCH = YES;
				"CODE_SIGN_IDENTITY[sdk=iphoneos*]" = "iPhone Developer";
				COPY_PHASE_STRIP = NO;
				DEBUG_INFORMATION_FORMAT = "dwarf-with-dsym";
				ENABLE_NS_ASSERTIONS = NO;
				ENABLE_STRICT_OBJC_MSGSEND = YES;
				GCC_C_LANGUAGE_STANDARD = gnu99;
				GCC_NO_COMMON_BLOCKS = YES;
				GCC_WARN_64_TO_32_BIT_CONVERSION = YES;
				GCC_WARN_ABOUT_RETURN_TYPE = YES_ERROR;
				GCC_WARN_UNDECLARED_SELECTOR = YES;
				GCC_WARN_UNINITIALIZED_AUTOS = YES_AGGRESSIVE;
				GCC_WARN_UNUSED_FUNCTION = YES;
				GCC_WARN_UNUSED_VARIABLE = YES;
				IPHONEOS_DEPLOYMENT_TARGET = 10.3;
				MTL_ENABLE_DEBUG_INFO = NO;
				SDKROOT = iphoneos;
				TARGETED_DEVICE_FAMILY = "1,2";
				VALIDATE_PRODUCT = YES;
			};
			name = Release;
		};
		62B00B091EA524F6004EF9C4 /* Debug */ = {
			isa = XCBuildConfiguration;
			buildSettings = {
				ASSETCATALOG_COMPILER_APPICON_NAME = AppIcon;
				DEVELOPMENT_TEAM = 4C7AR59H6U;
				INFOPLIST_FILE = "intro_to_objective-C/Info.plist";
				LD_RUNPATH_SEARCH_PATHS = "$(inherited) @executable_path/Frameworks";
				PRODUCT_BUNDLE_IDENTIFIER = "com.roberthatfield.intro-to-objective-C";
				PRODUCT_NAME = "$(TARGET_NAME)";
			};
			name = Debug;
		};
		62B00B0A1EA524F6004EF9C4 /* Release */ = {
			isa = XCBuildConfiguration;
			buildSettings = {
				ASSETCATALOG_COMPILER_APPICON_NAME = AppIcon;
				DEVELOPMENT_TEAM = 4C7AR59H6U;
				INFOPLIST_FILE = "intro_to_objective-C/Info.plist";
				LD_RUNPATH_SEARCH_PATHS = "$(inherited) @executable_path/Frameworks";
				PRODUCT_BUNDLE_IDENTIFIER = "com.roberthatfield.intro-to-objective-C";
				PRODUCT_NAME = "$(TARGET_NAME)";
			};
			name = Release;
		};
/* End XCBuildConfiguration section */

/* Begin XCConfigurationList section */
		62B00AEC1EA524F6004EF9C4 /* Build configuration list for PBXProject "intro_to_objective-C" */ = {
			isa = XCConfigurationList;
			buildConfigurations = (
				62B00B061EA524F6004EF9C4 /* Debug */,
				62B00B071EA524F6004EF9C4 /* Release */,
			);
			defaultConfigurationIsVisible = 0;
			defaultConfigurationName = Release;
		};
		62B00B081EA524F6004EF9C4 /* Build configuration list for PBXNativeTarget "intro_to_objective-C" */ = {
			isa = XCConfigurationList;
			buildConfigurations = (
				62B00B091EA524F6004EF9C4 /* Debug */,
				62B00B0A1EA524F6004EF9C4 /* Release */,
			);
			defaultConfigurationIsVisible = 0;
			defaultConfigurationName = Release;
		};
/* End XCConfigurationList section */
	};
	rootObject = 62B00AE91EA524F6004EF9C4 /* Project object */;
}
